
Microsoft Visual Studio Solution File, Format Version 12.00
# Visual Studio Version 17
VisualStudioVersion = 17.7.34202.233
MinimumVisualStudioVersion = 10.0.40219.1
Project("{FAE04EC0-301F-11D3-BF4B-00C04F79EFBC}") = "CongresoApi", "CongresoApi\CongresoApi.csproj", "{3FA9D561-39F5-4C55-8787-2D7D54DBE939}"
EndProject
Global
	GlobalSection(SolutionConfigurationPlatforms) = preSolution
		Debug|Any CPU = Debug|Any CPU
		Release|Any CPU = Release|Any CPU
	EndGlobalSection
	GlobalSection(ProjectConfigurationPlatforms) = postSolution
		{3FA9D561-39F5-4C55-8787-2D7D54DBE939}.Debug|Any CPU.ActiveCfg = Debug|Any CPU
		{3FA9D561-39F5-4C55-8787-2D7D54DBE939}.Debug|Any CPU.Build.0 = Debug|Any CPU
		{3FA9D561-39F5-4C55-8787-2D7D54DBE939}.Release|Any CPU.ActiveCfg = Release|Any CPU
		{3FA9D561-39F5-4C55-8787-2D7D54DBE939}.Release|Any CPU.Build.0 = Release|Any CPU
	EndGlobalSection
	GlobalSection(SolutionProperties) = preSolution
		HideSolutionNode = FALSE
	EndGlobalSection
	GlobalSection(ExtensibilityGlobals) = postSolution
		SolutionGuid = {51D5D4F7-FC43-4DA2-AE20-86F00315D4F1}
	EndGlobalSection
EndGlobal
